// !$*UTF8*$!
{
	archiveVersion = 1;
	classes = {
	};
	objectVersion = 46;
	objects = {

/* Begin PBXBuildFile section */
		671052DD1B7CEA5F00B09F5A /* main.m in Sources */ = {isa = PBXBuildFile; fileRef = 671052DC1B7CEA5F00B09F5A /* main.m */; };
		671052E01B7CEA5F00B09F5A /* WBAppDelegate.m in Sources */ = {isa = PBXBuildFile; fileRef = 671052DF1B7CEA5F00B09F5A /* WBAppDelegate.m */; };
		671052E81B7CEA6100B09F5A /* Images.xcassets in Resources */ = {isa = PBXBuildFile; fileRef = 671052E71B7CEA6100B09F5A /* Images.xcassets */; };
		671052EB1B7CEA6100B09F5A /* LaunchScreen.xib in Resources */ = {isa = PBXBuildFile; fileRef = 671052E91B7CEA6100B09F5A /* LaunchScreen.xib */; };
		671052F71B7CEA6400B09F5A /* HCTabBarKit_PureCode_WeiBoTests.m in Sources */ = {isa = PBXBuildFile; fileRef = 671052F61B7CEA6400B09F5A /* HCTabBarKit_PureCode_WeiBoTests.m */; };
		671053041B7CEAF300B09F5A /* HCTabBarKit.bundle in Resources */ = {isa = PBXBuildFile; fileRef = 671053031B7CEAF300B09F5A /* HCTabBarKit.bundle */; };
		677FD7601B7D71160042E632 /* HCTabBarKit.framework in Frameworks */ = {isa = PBXBuildFile; fileRef = 677FD75F1B7D71160042E632 /* HCTabBarKit.framework */; };
		677FD78A1B7D73D00042E632 /* WBTabBarControlle.m in Sources */ = {isa = PBXBuildFile; fileRef = 677FD7891B7D73D00042E632 /* WBTabBarControlle.m */; };
		677FD7911B7D75460042E632 /* UIColor+HCTabBarKit.m in Sources */ = {isa = PBXBuildFile; fileRef = 677FD78C1B7D75460042E632 /* UIColor+HCTabBarKit.m */; };
		677FD7921B7D75460042E632 /* UIImage+HCTabBarKit.m in Sources */ = {isa = PBXBuildFile; fileRef = 677FD78E1B7D75460042E632 /* UIImage+HCTabBarKit.m */; };
		677FD7931B7D75460042E632 /* UIView+HCTabBarKit.m in Sources */ = {isa = PBXBuildFile; fileRef = 677FD7901B7D75460042E632 /* UIView+HCTabBarKit.m */; };
		677FD79F1B7D79A90042E632 /* WBLoginViewController.m in Sources */ = {isa = PBXBuildFile; fileRef = 677FD79D1B7D79A90042E632 /* WBLoginViewController.m */; };
		677FD7A01B7D79A90042E632 /* WBLoginViewController.xib in Resources */ = {isa = PBXBuildFile; fileRef = 677FD79E1B7D79A90042E632 /* WBLoginViewController.xib */; };
		677FD7A31B7D7A180042E632 /* User.m in Sources */ = {isa = PBXBuildFile; fileRef = 677FD7A21B7D7A180042E632 /* User.m */; };
/* End PBXBuildFile section */

/* Begin PBXContainerItemProxy section */
		671052F11B7CEA6100B09F5A /* PBXContainerItemProxy */ = {
			isa = PBXContainerItemProxy;
			containerPortal = 671052CF1B7CEA5F00B09F5A /* Project object */;
			proxyType = 1;
			remoteGlobalIDString = 671052D61B7CEA5F00B09F5A;
			remoteInfo = "HCTabBarKit-PureCode-WeiBo";
		};
/* End PBXContainerItemProxy section */

/* Begin PBXFileReference section */
		671052D71B7CEA5F00B09F5A /* HCTabBarKit-PureCode-WeiBo.app */ = {isa = PBXFileReference; explicitFileType = wrapper.application; includeInIndex = 0; path = "HCTabBarKit-PureCode-WeiBo.app"; sourceTree = BUILT_PRODUCTS_DIR; };
		671052DB1B7CEA5F00B09F5A /* Info.plist */ = {isa = PBXFileReference; lastKnownFileType = text.plist.xml; path = Info.plist; sourceTree = "<group>"; };
		671052DC1B7CEA5F00B09F5A /* main.m */ = {isa = PBXFileReference; lastKnownFileType = sourcecode.c.objc; path = main.m; sourceTree = "<group>"; };
		671052DE1B7CEA5F00B09F5A /* WBAppDelegate.h */ = {isa = PBXFileReference; lastKnownFileType = sourcecode.c.h; name = WBAppDelegate.h; path = ../../../WBAppDelegate.h; sourceTree = "<group>"; };
		671052DF1B7CEA5F00B09F5A /* WBAppDelegate.m */ = {isa = PBXFileReference; lastKnownFileType = sourcecode.c.objc; name = WBAppDelegate.m; path = ../../../WBAppDelegate.m; sourceTree = "<group>"; };
		671052E71B7CEA6100B09F5A /* Images.xcassets */ = {isa = PBXFileReference; lastKnownFileType = folder.assetcatalog; path = Images.xcassets; sourceTree = "<group>"; };
		671052EA1B7CEA6100B09F5A /* Base */ = {isa = PBXFileReference; lastKnownFileType = file.xib; name = Base; path = Base.lproj/LaunchScreen.xib; sourceTree = "<group>"; };
		671052F01B7CEA6100B09F5A /* HCTabBarKit-PureCode-WeiBoTests.xctest */ = {isa = PBXFileReference; explicitFileType = wrapper.cfbundle; includeInIndex = 0; path = "HCTabBarKit-PureCode-WeiBoTests.xctest"; sourceTree = BUILT_PRODUCTS_DIR; };
		671052F51B7CEA6400B09F5A /* Info.plist */ = {isa = PBXFileReference; lastKnownFileType = text.plist.xml; path = Info.plist; sourceTree = "<group>"; };
		671052F61B7CEA6400B09F5A /* HCTabBarKit_PureCode_WeiBoTests.m */ = {isa = PBXFileReference; lastKnownFileType = sourcecode.c.objc; path = HCTabBarKit_PureCode_WeiBoTests.m; sourceTree = "<group>"; };
		671053001B7CEA9400B09F5A /* HCTabBarKit-PureCode-WeiBo-PrefixHeader.pch */ = {isa = PBXFileReference; lastKnownFileType = sourcecode.c.h; path = "HCTabBarKit-PureCode-WeiBo-PrefixHeader.pch"; sourceTree = "<group>"; };
		671053031B7CEAF300B09F5A /* HCTabBarKit.bundle */ = {isa = PBXFileReference; lastKnownFileType = "wrapper.plug-in"; path = HCTabBarKit.bundle; sourceTree = "<group>"; };
		677FD75F1B7D71160042E632 /* HCTabBarKit.framework */ = {isa = PBXFileReference; lastKnownFileType = wrapper.framework; path = HCTabBarKit.framework; sourceTree = "<group>"; };
		677FD77A1B7D73600042E632 /* WBTabBarController.h */ = {isa = PBXFileReference; fileEncoding = 4; lastKnownFileType = sourcecode.c.h; path = WBTabBarController.h; sourceTree = "<group>"; };
		677FD7891B7D73D00042E632 /* WBTabBarControlle.m */ = {isa = PBXFileReference; fileEncoding = 4; lastKnownFileType = sourcecode.c.objc; path = WBTabBarControlle.m; sourceTree = "<group>"; };
		677FD78B1B7D75460042E632 /* UIColor+HCTabBarKit.h */ = {isa = PBXFileReference; fileEncoding = 4; lastKnownFileType = sourcecode.c.h; path = "UIColor+HCTabBarKit.h"; sourceTree = "<group>"; };
		677FD78C1B7D75460042E632 /* UIColor+HCTabBarKit.m */ = {isa = PBXFileReference; fileEncoding = 4; lastKnownFileType = sourcecode.c.objc; path = "UIColor+HCTabBarKit.m"; sourceTree = "<group>"; };
		677FD78D1B7D75460042E632 /* UIImage+HCTabBarKit.h */ = {isa = PBXFileReference; fileEncoding = 4; lastKnownFileType = sourcecode.c.h; path = "UIImage+HCTabBarKit.h"; sourceTree = "<group>"; };
		677FD78E1B7D75460042E632 /* UIImage+HCTabBarKit.m */ = {isa = PBXFileReference; fileEncoding = 4; lastKnownFileType = sourcecode.c.objc; path = "UIImage+HCTabBarKit.m"; sourceTree = "<group>"; };
		677FD78F1B7D75460042E632 /* UIView+HCTabBarKit.h */ = {isa = PBXFileReference; fileEncoding = 4; lastKnownFileType = sourcecode.c.h; path = "UIView+HCTabBarKit.h"; sourceTree = "<group>"; };
		677FD7901B7D75460042E632 /* UIView+HCTabBarKit.m */ = {isa = PBXFileReference; fileEncoding = 4; lastKnownFileType = sourcecode.c.objc; path = "UIView+HCTabBarKit.m"; sourceTree = "<group>"; };
		677FD79C1B7D79A90042E632 /* WBLoginViewController.h */ = {isa = PBXFileReference; fileEncoding = 4; lastKnownFileType = sourcecode.c.h; path = WBLoginViewController.h; sourceTree = "<group>"; };
		677FD79D1B7D79A90042E632 /* WBLoginViewController.m */ = {isa = PBXFileReference; fileEncoding = 4; lastKnownFileType = sourcecode.c.objc; path = WBLoginViewController.m; sourceTree = "<group>"; };
		677FD79E1B7D79A90042E632 /* WBLoginViewController.xib */ = {isa = PBXFileReference; fileEncoding = 4; lastKnownFileType = file.xib; path = WBLoginViewController.xib; sourceTree = "<group>"; };
		677FD7A11B7D7A180042E632 /* User.h */ = {isa = PBXFileReference; fileEncoding = 4; lastKnownFileType = sourcecode.c.h; path = User.h; sourceTree = "<group>"; };
		677FD7A21B7D7A180042E632 /* User.m */ = {isa = PBXFileReference; fileEncoding = 4; lastKnownFileType = sourcecode.c.objc; path = User.m; sourceTree = "<group>"; };
/* End PBXFileReference section */

/* Begin PBXFrameworksBuildPhase section */
		671052D41B7CEA5F00B09F5A /* Frameworks */ = {
			isa = PBXFrameworksBuildPhase;
			buildActionMask = 2147483647;
			files = (
				677FD7601B7D71160042E632 /* HCTabBarKit.framework in Frameworks */,
			);
			runOnlyForDeploymentPostprocessing = 0;
		};
		671052ED1B7CEA6100B09F5A /* Frameworks */ = {
			isa = PBXFrameworksBuildPhase;
			buildActionMask = 2147483647;
			files = (
			);
			runOnlyForDeploymentPostprocessing = 0;
		};
/* End PBXFrameworksBuildPhase section */

/* Begin PBXGroup section */
		671052CE1B7CEA5F00B09F5A = {
			isa = PBXGroup;
			children = (
				671052D91B7CEA5F00B09F5A /* HCTabBarKit-PureCode-WeiBo */,
				671052F31B7CEA6100B09F5A /* HCTabBarKit-PureCode-WeiBoTests */,
				671052D81B7CEA5F00B09F5A /* Products */,
			);
			sourceTree = "<group>";
		};
		671052D81B7CEA5F00B09F5A /* Products */ = {
			isa = PBXGroup;
			children = (
				671052D71B7CEA5F00B09F5A /* HCTabBarKit-PureCode-WeiBo.app */,
				671052F01B7CEA6100B09F5A /* HCTabBarKit-PureCode-WeiBoTests.xctest */,
			);
			name = Products;
			sourceTree = "<group>";
		};
		671052D91B7CEA5F00B09F5A /* HCTabBarKit-PureCode-WeiBo */ = {
			isa = PBXGroup;
			children = (
				677FD75F1B7D71160042E632 /* HCTabBarKit.framework */,
				671053031B7CEAF300B09F5A /* HCTabBarKit.bundle */,
				677FD7611B7D73600042E632 /* Classes */,
				671052E71B7CEA6100B09F5A /* Images.xcassets */,
				671052E91B7CEA6100B09F5A /* LaunchScreen.xib */,
				671052DA1B7CEA5F00B09F5A /* Supporting Files */,
			);
			path = "HCTabBarKit-PureCode-WeiBo";
			sourceTree = "<group>";
		};
		671052DA1B7CEA5F00B09F5A /* Supporting Files */ = {
			isa = PBXGroup;
			children = (
				671052DB1B7CEA5F00B09F5A /* Info.plist */,
				671052DC1B7CEA5F00B09F5A /* main.m */,
				671053001B7CEA9400B09F5A /* HCTabBarKit-PureCode-WeiBo-PrefixHeader.pch */,
			);
			name = "Supporting Files";
			sourceTree = "<group>";
		};
		671052F31B7CEA6100B09F5A /* HCTabBarKit-PureCode-WeiBoTests */ = {
			isa = PBXGroup;
			children = (
				671052F61B7CEA6400B09F5A /* HCTabBarKit_PureCode_WeiBoTests.m */,
				671052F41B7CEA6400B09F5A /* Supporting Files */,
			);
			path = "HCTabBarKit-PureCode-WeiBoTests";
			sourceTree = "<group>";
		};
		671052F41B7CEA6400B09F5A /* Supporting Files */ = {
			isa = PBXGroup;
			children = (
				671052F51B7CEA6400B09F5A /* Info.plist */,
			);
			name = "Supporting Files";
			sourceTree = "<group>";
		};
		677FD7611B7D73600042E632 /* Classes */ = {
			isa = PBXGroup;
			children = (
				677FD7621B7D73600042E632 /* WeiBo */,
				677FD7851B7D73600042E632 /* Categories */,
				677FD7861B7D73600042E632 /* Managers */,
			);
			path = Classes;
			sourceTree = "<group>";
		};
		677FD7621B7D73600042E632 /* WeiBo */ = {
			isa = PBXGroup;
			children = (
				677FD7841B7D73600042E632 /* App */,
				677FD7771B7D73600042E632 /* Common */,
				677FD7631B7D73600042E632 /* Home */,
				677FD7681B7D73600042E632 /* Message */,
				677FD76D1B7D73600042E632 /* Discover */,
				677FD7721B7D73600042E632 /* Profile */,
				677FD77F1B7D73600042E632 /* Plus(+) */,
				677FD7971B7D79750042E632 /* Login */,
			);
			path = WeiBo;
			sourceTree = "<group>";
		};
		677FD7631B7D73600042E632 /* Home */ = {
			isa = PBXGroup;
			children = (
				677FD7641B7D73600042E632 /* Controllers */,
				677FD7651B7D73600042E632 /* Models */,
				677FD7661B7D73600042E632 /* ViewModels */,
				677FD7671B7D73600042E632 /* Views */,
			);
			path = Home;
			sourceTree = "<group>";
		};
		677FD7641B7D73600042E632 /* Controllers */ = {
			isa = PBXGroup;
			children = (
			);
			path = Controllers;
			sourceTree = "<group>";
		};
		677FD7651B7D73600042E632 /* Models */ = {
			isa = PBXGroup;
			children = (
			);
			path = Models;
			sourceTree = "<group>";
		};
		677FD7661B7D73600042E632 /* ViewModels */ = {
			isa = PBXGroup;
			children = (
			);
			path = ViewModels;
			sourceTree = "<group>";
		};
		677FD7671B7D73600042E632 /* Views */ = {
			isa = PBXGroup;
			children = (
			);
			path = Views;
			sourceTree = "<group>";
		};
		677FD7681B7D73600042E632 /* Message */ = {
			isa = PBXGroup;
			children = (
				677FD7691B7D73600042E632 /* Controllers */,
				677FD76A1B7D73600042E632 /* Models */,
				677FD76B1B7D73600042E632 /* ViewModels */,
				677FD76C1B7D73600042E632 /* Views */,
			);
			path = Message;
			sourceTree = "<group>";
		};
		677FD7691B7D73600042E632 /* Controllers */ = {
			isa = PBXGroup;
			children = (
			);
			path = Controllers;
			sourceTree = "<group>";
		};
		677FD76A1B7D73600042E632 /* Models */ = {
			isa = PBXGroup;
			children = (
			);
			path = Models;
			sourceTree = "<group>";
		};
		677FD76B1B7D73600042E632 /* ViewModels */ = {
			isa = PBXGroup;
			children = (
			);
			path = ViewModels;
			sourceTree = "<group>";
		};
		677FD76C1B7D73600042E632 /* Views */ = {
			isa = PBXGroup;
			children = (
			);
			path = Views;
			sourceTree = "<group>";
		};
		677FD76D1B7D73600042E632 /* Discover */ = {
			isa = PBXGroup;
			children = (
				677FD76E1B7D73600042E632 /* Controllers */,
				677FD76F1B7D73600042E632 /* Models */,
				677FD7701B7D73600042E632 /* ViewModels */,
				677FD7711B7D73600042E632 /* Views */,
			);
			path = Discover;
			sourceTree = "<group>";
		};
		677FD76E1B7D73600042E632 /* Controllers */ = {
			isa = PBXGroup;
			children = (
			);
			path = Controllers;
			sourceTree = "<group>";
		};
		677FD76F1B7D73600042E632 /* Models */ = {
			isa = PBXGroup;
			children = (
			);
			path = Models;
			sourceTree = "<group>";
		};
		677FD7701B7D73600042E632 /* ViewModels */ = {
			isa = PBXGroup;
			children = (
			);
			path = ViewModels;
			sourceTree = "<group>";
		};
		677FD7711B7D73600042E632 /* Views */ = {
			isa = PBXGroup;
			children = (
			);
			path = Views;
			sourceTree = "<group>";
		};
		677FD7721B7D73600042E632 /* Profile */ = {
			isa = PBXGroup;
			children = (
				677FD7731B7D73600042E632 /* Controllers */,
				677FD7741B7D73600042E632 /* Models */,
				677FD7751B7D73600042E632 /* ViewModels */,
				677FD7761B7D73600042E632 /* Views */,
			);
			path = Profile;
			sourceTree = "<group>";
		};
		677FD7731B7D73600042E632 /* Controllers */ = {
			isa = PBXGroup;
			children = (
			);
			path = Controllers;
			sourceTree = "<group>";
		};
		677FD7741B7D73600042E632 /* Models */ = {
			isa = PBXGroup;
			children = (
			);
			path = Models;
			sourceTree = "<group>";
		};
		677FD7751B7D73600042E632 /* ViewModels */ = {
			isa = PBXGroup;
			children = (
			);
			path = ViewModels;
			sourceTree = "<group>";
		};
		677FD7761B7D73600042E632 /* Views */ = {
			isa = PBXGroup;
			children = (
			);
			path = Views;
			sourceTree = "<group>";
		};
		677FD7771B7D73600042E632 /* Common */ = {
			isa = PBXGroup;
			children = (
				677FD7781B7D73600042E632 /* Controllers */,
				677FD77C1B7D73600042E632 /* Models */,
				677FD77D1B7D73600042E632 /* ViewModels */,
				677FD77E1B7D73600042E632 /* Views */,
			);
			path = Common;
			sourceTree = "<group>";
		};
		677FD7781B7D73600042E632 /* Controllers */ = {
			isa = PBXGroup;
			children = (
				677FD77A1B7D73600042E632 /* WBTabBarController.h */,
				677FD7891B7D73D00042E632 /* WBTabBarControlle.m */,
			);
			path = Controllers;
			sourceTree = "<group>";
		};
		677FD77C1B7D73600042E632 /* Models */ = {
			isa = PBXGroup;
			children = (
			);
			path = Models;
			sourceTree = "<group>";
		};
		677FD77D1B7D73600042E632 /* ViewModels */ = {
			isa = PBXGroup;
			children = (
			);
			path = ViewModels;
			sourceTree = "<group>";
		};
		677FD77E1B7D73600042E632 /* Views */ = {
			isa = PBXGroup;
			children = (
			);
			path = Views;
			sourceTree = "<group>";
		};
		677FD77F1B7D73600042E632 /* Plus(+) */ = {
			isa = PBXGroup;
			children = (
				677FD7801B7D73600042E632 /* Controllers */,
				677FD7811B7D73600042E632 /* Models */,
				677FD7821B7D73600042E632 /* ViewModels */,
				677FD7831B7D73600042E632 /* Views */,
			);
			path = "Plus(+)";
			sourceTree = "<group>";
		};
		677FD7801B7D73600042E632 /* Controllers */ = {
			isa = PBXGroup;
			children = (
			);
			path = Controllers;
			sourceTree = "<group>";
		};
		677FD7811B7D73600042E632 /* Models */ = {
			isa = PBXGroup;
			children = (
			);
			path = Models;
			sourceTree = "<group>";
		};
		677FD7821B7D73600042E632 /* ViewModels */ = {
			isa = PBXGroup;
			children = (
			);
			path = ViewModels;
			sourceTree = "<group>";
		};
		677FD7831B7D73600042E632 /* Views */ = {
			isa = PBXGroup;
			children = (
			);
			path = Views;
			sourceTree = "<group>";
		};
		677FD7841B7D73600042E632 /* App */ = {
			isa = PBXGroup;
			children = (
				671052DE1B7CEA5F00B09F5A /* WBAppDelegate.h */,
				671052DF1B7CEA5F00B09F5A /* WBAppDelegate.m */,
			);
			path = App;
			sourceTree = "<group>";
		};
		677FD7851B7D73600042E632 /* Categories */ = {
			isa = PBXGroup;
			children = (
				677FD78B1B7D75460042E632 /* UIColor+HCTabBarKit.h */,
				677FD78C1B7D75460042E632 /* UIColor+HCTabBarKit.m */,
				677FD78D1B7D75460042E632 /* UIImage+HCTabBarKit.h */,
				677FD78E1B7D75460042E632 /* UIImage+HCTabBarKit.m */,
				677FD78F1B7D75460042E632 /* UIView+HCTabBarKit.h */,
				677FD7901B7D75460042E632 /* UIView+HCTabBarKit.m */,
			);
			path = Categories;
			sourceTree = "<group>";
		};
		677FD7861B7D73600042E632 /* Managers */ = {
			isa = PBXGroup;
			children = (
			);
			path = Managers;
			sourceTree = "<group>";
		};
		677FD7971B7D79750042E632 /* Login */ = {
			isa = PBXGroup;
			children = (
				677FD7981B7D79750042E632 /* Controllers */,
				677FD7991B7D79750042E632 /* Models */,
				677FD79A1B7D79750042E632 /* ViewModels */,
				677FD79B1B7D79750042E632 /* Views */,
			);
			path = Login;
			sourceTree = "<group>";
		};
		677FD7981B7D79750042E632 /* Controllers */ = {
			isa = PBXGroup;
			children = (
				677FD79C1B7D79A90042E632 /* WBLoginViewController.h */,
				677FD79D1B7D79A90042E632 /* WBLoginViewController.m */,
				677FD79E1B7D79A90042E632 /* WBLoginViewController.xib */,
			);
			path = Controllers;
			sourceTree = "<group>";
		};
		677FD7991B7D79750042E632 /* Models */ = {
			isa = PBXGroup;
			children = (
				677FD7A11B7D7A180042E632 /* User.h */,
				677FD7A21B7D7A180042E632 /* User.m */,
			);
			path = Models;
			sourceTree = "<group>";
		};
		677FD79A1B7D79750042E632 /* ViewModels */ = {
			isa = PBXGroup;
			children = (
			);
			path = ViewModels;
			sourceTree = "<group>";
		};
		677FD79B1B7D79750042E632 /* Views */ = {
			isa = PBXGroup;
			children = (
			);
			path = Views;
			sourceTree = "<group>";
		};
/* End PBXGroup section */

/* Begin PBXNativeTarget section */
		671052D61B7CEA5F00B09F5A /* HCTabBarKit-PureCode-WeiBo */ = {
			isa = PBXNativeTarget;
			buildConfigurationList = 671052FA1B7CEA6400B09F5A /* Build configuration list for PBXNativeTarget "HCTabBarKit-PureCode-WeiBo" */;
			buildPhases = (
				671052D31B7CEA5F00B09F5A /* Sources */,
				671052D41B7CEA5F00B09F5A /* Frameworks */,
				671052D51B7CEA5F00B09F5A /* Resources */,
			);
			buildRules = (
			);
			dependencies = (
			);
			name = "HCTabBarKit-PureCode-WeiBo";
			productName = "HCTabBarKit-PureCode-WeiBo";
			productReference = 671052D71B7CEA5F00B09F5A /* HCTabBarKit-PureCode-WeiBo.app */;
			productType = "com.apple.product-type.application";
		};
		671052EF1B7CEA6100B09F5A /* HCTabBarKit-PureCode-WeiBoTests */ = {
			isa = PBXNativeTarget;
			buildConfigurationList = 671052FD1B7CEA6400B09F5A /* Build configuration list for PBXNativeTarget "HCTabBarKit-PureCode-WeiBoTests" */;
			buildPhases = (
				671052EC1B7CEA6100B09F5A /* Sources */,
				671052ED1B7CEA6100B09F5A /* Frameworks */,
				671052EE1B7CEA6100B09F5A /* Resources */,
			);
			buildRules = (
			);
			dependencies = (
				671052F21B7CEA6100B09F5A /* PBXTargetDependency */,
			);
			name = "HCTabBarKit-PureCode-WeiBoTests";
			productName = "HCTabBarKit-PureCode-WeiBoTests";
			productReference = 671052F01B7CEA6100B09F5A /* HCTabBarKit-PureCode-WeiBoTests.xctest */;
			productType = "com.apple.product-type.bundle.unit-test";
		};
/* End PBXNativeTarget section */

/* Begin PBXProject section */
		671052CF1B7CEA5F00B09F5A /* Project object */ = {
			isa = PBXProject;
			attributes = {
				LastUpgradeCheck = 0640;
				ORGANIZATIONNAME = HC;
				TargetAttributes = {
					671052D61B7CEA5F00B09F5A = {
						CreatedOnToolsVersion = 6.4;
					};
					671052EF1B7CEA6100B09F5A = {
						CreatedOnToolsVersion = 6.4;
						TestTargetID = 671052D61B7CEA5F00B09F5A;
					};
				};
			};
			buildConfigurationList = 671052D21B7CEA5F00B09F5A /* Build configuration list for PBXProject "HCTabBarKit-PureCode-WeiBo" */;
			compatibilityVersion = "Xcode 3.2";
			developmentRegion = English;
			hasScannedForEncodings = 0;
			knownRegions = (
				en,
				Base,
			);
			mainGroup = 671052CE1B7CEA5F00B09F5A;
			productRefGroup = 671052D81B7CEA5F00B09F5A /* Products */;
			projectDirPath = "";
			projectRoot = "";
			targets = (
				671052D61B7CEA5F00B09F5A /* HCTabBarKit-PureCode-WeiBo */,
				671052EF1B7CEA6100B09F5A /* HCTabBarKit-PureCode-WeiBoTests */,
			);
		};
/* End PBXProject section */

/* Begin PBXResourcesBuildPhase section */
		671052D51B7CEA5F00B09F5A /* Resources */ = {
			isa = PBXResourcesBuildPhase;
			buildActionMask = 2147483647;
			files = (
				671053041B7CEAF300B09F5A /* HCTabBarKit.bundle in Resources */,
				671052EB1B7CEA6100B09F5A /* LaunchScreen.xib in Resources */,
				671052E81B7CEA6100B09F5A /* Images.xcassets in Resources */,
				677FD7A01B7D79A90042E632 /* WBLoginViewController.xib in Resources */,
			);
			runOnlyForDeploymentPostprocessing = 0;
		};
		671052EE1B7CEA6100B09F5A /* Resources */ = {
			isa = PBXResourcesBuildPhase;
			buildActionMask = 2147483647;
			files = (
			);
			runOnlyForDeploymentPostprocessing = 0;
		};
/* End PBXResourcesBuildPhase section */

/* Begin PBXSourcesBuildPhase section */
		671052D31B7CEA5F00B09F5A /* Sources */ = {
			isa = PBXSourcesBuildPhase;
			buildActionMask = 2147483647;
			files = (
				677FD7A31B7D7A180042E632 /* User.m in Sources */,
				677FD7931B7D75460042E632 /* UIView+HCTabBarKit.m in Sources */,
				671052E01B7CEA5F00B09F5A /* WBAppDelegate.m in Sources */,
				677FD78A1B7D73D00042E632 /* WBTabBarControlle.m in Sources */,
				671052DD1B7CEA5F00B09F5A /* main.m in Sources */,
				677FD7911B7D75460042E632 /* UIColor+HCTabBarKit.m in Sources */,
				677FD79F1B7D79A90042E632 /* WBLoginViewController.m in Sources */,
				677FD7921B7D75460042E632 /* UIImage+HCTabBarKit.m in Sources */,
			);
			runOnlyForDeploymentPostprocessing = 0;
		};
		671052EC1B7CEA6100B09F5A /* Sources */ = {
			isa = PBXSourcesBuildPhase;
			buildActionMask = 2147483647;
			files = (
				671052F71B7CEA6400B09F5A /* HCTabBarKit_PureCode_WeiBoTests.m in Sources */,
			);
			runOnlyForDeploymentPostprocessing = 0;
		};
/* End PBXSourcesBuildPhase section */

/* Begin PBXTargetDependency section */
		671052F21B7CEA6100B09F5A /* PBXTargetDependency */ = {
			isa = PBXTargetDependency;
			target = 671052D61B7CEA5F00B09F5A /* HCTabBarKit-PureCode-WeiBo */;
			targetProxy = 671052F11B7CEA6100B09F5A /* PBXContainerItemProxy */;
		};
/* End PBXTargetDependency section */

/* Begin PBXVariantGroup section */
		671052E91B7CEA6100B09F5A /* LaunchScreen.xib */ = {
			isa = PBXVariantGroup;
			children = (
				671052EA1B7CEA6100B09F5A /* Base */,
			);
			name = LaunchScreen.xib;
			sourceTree = "<group>";
		};
/* End PBXVariantGroup section */

/* Begin XCBuildConfiguration section */
		671052F81B7CEA6400B09F5A /* Debug */ = {
			isa = XCBuildConfiguration;
			buildSettings = {
				ALWAYS_SEARCH_USER_PATHS = NO;
				CLANG_CXX_LANGUAGE_STANDARD = "gnu++0x";
				CLANG_CXX_LIBRARY = "libc++";
				CLANG_ENABLE_MODULES = YES;
				CLANG_ENABLE_OBJC_ARC = YES;
				CLANG_WARN_BOOL_CONVERSION = YES;
				CLANG_WARN_CONSTANT_CONVERSION = YES;
				CLANG_WARN_DIRECT_OBJC_ISA_USAGE = YES_ERROR;
				CLANG_WARN_EMPTY_BODY = YES;
				CLANG_WARN_ENUM_CONVERSION = YES;
				CLANG_WARN_INT_CONVERSION = YES;
				CLANG_WARN_OBJC_ROOT_CLASS = YES_ERROR;
				CLANG_WARN_UNREACHABLE_CODE = YES;
				CLANG_WARN__DUPLICATE_METHOD_MATCH = YES;
				"CODE_SIGN_IDENTITY[sdk=iphoneos*]" = "iPhone Developer";
				COPY_PHASE_STRIP = NO;
				DEBUG_INFORMATION_FORMAT = "dwarf-with-dsym";
				ENABLE_STRICT_OBJC_MSGSEND = YES;
				GCC_C_LANGUAGE_STANDARD = gnu99;
				GCC_DYNAMIC_NO_PIC = NO;
				GCC_NO_COMMON_BLOCKS = YES;
				GCC_OPTIMIZATION_LEVEL = 0;
				GCC_PREPROCESSOR_DEFINITIONS = (
					"DEBUG=1",
					"$(inherited)",
				);
				GCC_SYMBOLS_PRIVATE_EXTERN = NO;
				GCC_WARN_64_TO_32_BIT_CONVERSION = YES;
				GCC_WARN_ABOUT_RETURN_TYPE = YES_ERROR;
				GCC_WARN_UNDECLARED_SELECTOR = YES;
				GCC_WARN_UNINITIALIZED_AUTOS = YES_AGGRESSIVE;
				GCC_WARN_UNUSED_FUNCTION = YES;
				GCC_WARN_UNUSED_VARIABLE = YES;
				IPHONEOS_DEPLOYMENT_TARGET = 8.0;
				MTL_ENABLE_DEBUG_INFO = YES;
				ONLY_ACTIVE_ARCH = YES;
				SDKROOT = iphoneos;
				TARGETED_DEVICE_FAMILY = "1,2";
			};
			name = Debug;
		};
		671052F91B7CEA6400B09F5A /* Release */ = {
			isa = XCBuildConfiguration;
			buildSettings = {
				ALWAYS_SEARCH_USER_PATHS = NO;
				CLANG_CXX_LANGUAGE_STANDARD = "gnu++0x";
				CLANG_CXX_LIBRARY = "libc++";
				CLANG_ENABLE_MODULES = YES;
				CLANG_ENABLE_OBJC_ARC = YES;
				CLANG_WARN_BOOL_CONVERSION = YES;
				CLANG_WARN_CONSTANT_CONVERSION = YES;
				CLANG_WARN_DIRECT_OBJC_ISA_USAGE = YES_ERROR;
				CLANG_WARN_EMPTY_BODY = YES;
				CLANG_WARN_ENUM_CONVERSION = YES;
				CLANG_WARN_INT_CONVERSION = YES;
				CLANG_WARN_OBJC_ROOT_CLASS = YES_ERROR;
				CLANG_WARN_UNREACHABLE_CODE = YES;
				CLANG_WARN__DUPLICATE_METHOD_MATCH = YES;
				"CODE_SIGN_IDENTITY[sdk=iphoneos*]" = "iPhone Developer";
				COPY_PHASE_STRIP = NO;
				DEBUG_INFORMATION_FORMAT = "dwarf-with-dsym";
				ENABLE_NS_ASSERTIONS = NO;
				ENABLE_STRICT_OBJC_MSGSEND = YES;
				GCC_C_LANGUAGE_STANDARD = gnu99;
				GCC_NO_COMMON_BLOCKS = YES;
				GCC_WARN_64_TO_32_BIT_CONVERSION = YES;
				GCC_WARN_ABOUT_RETURN_TYPE = YES_ERROR;
				GCC_WARN_UNDECLARED_SELECTOR = YES;
				GCC_WARN_UNINITIALIZED_AUTOS = YES_AGGRESSIVE;
				GCC_WARN_UNUSED_FUNCTION = YES;
				GCC_WARN_UNUSED_VARIABLE = YES;
				IPHONEOS_DEPLOYMENT_TARGET = 8.0;
				MTL_ENABLE_DEBUG_INFO = NO;
				SDKROOT = iphoneos;
				TARGETED_DEVICE_FAMILY = "1,2";
				VALIDATE_PRODUCT = YES;
			};
			name = Release;
		};
		671052FB1B7CEA6400B09F5A /* Debug */ = {
			isa = XCBuildConfiguration;
			buildSettings = {
				ASSETCATALOG_COMPILER_APPICON_NAME = AppIcon;
				FRAMEWORK_SEARCH_PATHS = (
					"$(inherited)",
					"$(PROJECT_DIR)/HCTabBarKit-PureCode-WeiBo",
				);
				GCC_PREFIX_HEADER = "HCTabBarKit-PureCode-WeiBo/HCTabBarKit-PureCode-WeiBo-PrefixHeader.pch";
				INFOPLIST_FILE = "HCTabBarKit-PureCode-WeiBo/Info.plist";
				LD_RUNPATH_SEARCH_PATHS = "$(inherited) @executable_path/Frameworks";
				PRODUCT_NAME = "$(TARGET_NAME)";
			};
			name = Debug;
		};
		671052FC1B7CEA6400B09F5A /* Release */ = {
			isa = XCBuildConfiguration;
			buildSettings = {
				ASSETCATALOG_COMPILER_APPICON_NAME = AppIcon;
				FRAMEWORK_SEARCH_PATHS = (
					"$(inherited)",
					"$(PROJECT_DIR)/HCTabBarKit-PureCode-WeiBo",
				);
				GCC_PREFIX_HEADER = "HCTabBarKit-PureCode-WeiBo/HCTabBarKit-PureCode-WeiBo-PrefixHeader.pch";
				INFOPLIST_FILE = "HCTabBarKit-PureCode-WeiBo/Info.plist";
				LD_RUNPATH_SEARCH_PATHS = "$(inherited) @executable_path/Frameworks";
				PRODUCT_NAME = "$(TARGET_NAME)";
			};
			name = Release;
		};
		671052FE1B7CEA6400B09F5A /* Debug */ = {
			isa = XCBuildConfiguration;
			buildSettings = {
				BUNDLE_LOADER = "$(TEST_HOST)";
				FRAMEWORK_SEARCH_PATHS = (
					"$(SDKROOT)/Developer/Library/Frameworks",
					"$(inherited)",
				);
				GCC_PREPROCESSOR_DEFINITIONS = (
					"DEBUG=1",
					"$(inherited)",
				);
				INFOPLIST_FILE = "HCTabBarKit-PureCode-WeiBoTests/Info.plist";
				LD_RUNPATH_SEARCH_PATHS = "$(inherited) @executable_path/Frameworks @loader_path/Frameworks";
				PRODUCT_NAME = "$(TARGET_NAME)";
				TEST_HOST = "$(BUILT_PRODUCTS_DIR)/HCTabBarKit-PureCode-WeiBo.app/HCTabBarKit-PureCode-WeiBo";
			};
			name = Debug;
		};
		671052FF1B7CEA6400B09F5A /* Release */ = {
			isa = XCBuildConfiguration;
			buildSettings = {
				BUNDLE_LOADER = "$(TEST_HOST)";
				FRAMEWORK_SEARCH_PATHS = (
					"$(SDKROOT)/Developer/Library/Frameworks",
					"$(inherited)",
				);
				INFOPLIST_FILE = "HCTabBarKit-PureCode-WeiBoTests/Info.plist";
				LD_RUNPATH_SEARCH_PATHS = "$(inherited) @executable_path/Frameworks @loader_path/Frameworks";
				PRODUCT_NAME = "$(TARGET_NAME)";
				TEST_HOST = "$(BUILT_PRODUCTS_DIR)/HCTabBarKit-PureCode-WeiBo.app/HCTabBarKit-PureCode-WeiBo";
			};
			name = Release;
		};
/* End XCBuildConfiguration section */

/* Begin XCConfigurationList section */
		671052D21B7CEA5F00B09F5A /* Build configuration list for PBXProject "HCTabBarKit-PureCode-WeiBo" */ = {
			isa = XCConfigurationList;
			buildConfigurations = (
				671052F81B7CEA6400B09F5A /* Debug */,
				671052F91B7CEA6400B09F5A /* Release */,
			);
			defaultConfigurationIsVisible = 0;
			defaultConfigurationName = Release;
		};
		671052FA1B7CEA6400B09F5A /* Build configuration list for PBXNativeTarget "HCTabBarKit-PureCode-WeiBo" */ = {
			isa = XCConfigurationList;
			buildConfigurations = (
				671052FB1B7CEA6400B09F5A /* Debug */,
				671052FC1B7CEA6400B09F5A /* Release */,
			);
			defaultConfigurationIsVisible = 0;
			defaultConfigurationName = Release;
		};
		671052FD1B7CEA6400B09F5A /* Build configuration list for PBXNativeTarget "HCTabBarKit-PureCode-WeiBoTests" */ = {
			isa = XCConfigurationList;
			buildConfigurations = (
				671052FE1B7CEA6400B09F5A /* Debug */,
				671052FF1B7CEA6400B09F5A /* Release */,
			);
			defaultConfigurationIsVisible = 0;
			defaultConfigurationName = Release;
		};
/* End XCConfigurationList section */
	};
	rootObject = 671052CF1B7CEA5F00B09F5A /* Project object */;
}
